
Microsoft Visual Studio Solution File, Format Version 12.00
# Visual Studio 2012
Project("{FAE04EC0-301F-11D3-BF4B-00C04F79EFBC}") = "WebAppAsync", "WebAppAsync\WebAppAsync.csproj", "{CAE4619F-CC5C-4B9A-BDE0-D1C7ABE9B660}"
EndProject
Global
	GlobalSection(SolutionConfigurationPlatforms) = preSolution
		Debug|Any CPU = Debug|Any CPU
		Release|Any CPU = Release|Any CPU
	EndGlobalSection
	GlobalSection(ProjectConfigurationPlatforms) = postSolution
		{CAE4619F-CC5C-4B9A-BDE0-D1C7ABE9B660}.Debug|Any CPU.ActiveCfg = Debug|Any CPU
		{CAE4619F-CC5C-4B9A-BDE0-D1C7ABE9B660}.Debug|Any CPU.Build.0 = Debug|Any CPU
		{CAE4619F-CC5C-4B9A-BDE0-D1C7ABE9B660}.Release|Any CPU.ActiveCfg = Release|Any CPU
		{CAE4619F-CC5C-4B9A-BDE0-D1C7ABE9B660}.Release|Any CPU.Build.0 = Release|Any CPU
	EndGlobalSection
	GlobalSection(SolutionProperties) = preSolution
		HideSolutionNode = FALSE
	EndGlobalSection
EndGlobal
