
Microsoft Visual Studio Solution File, Format Version 12.00
# Visual Web Developer Express 11
Project("{FAE04EC0-301F-11D3-BF4B-00C04F79EFBC}") = "WebAPIpgw", "WebAPIpgw\WebAPIpgw.csproj", "{823D03EB-68CA-4ED9-992F-B7206592126E}"
EndProject
Global

	GlobalSection(SolutionConfigurationPlatforms) = preSolution
		Debug|Any CPU = Debug|Any CPU
		Release|Any CPU = Release|Any CPU
	EndGlobalSection
	GlobalSection(ProjectConfigurationPlatforms) = postSolution
		{823D03EB-68CA-4ED9-992F-B7206592126E}.Debug|Any CPU.ActiveCfg = Debug|Any CPU
		{823D03EB-68CA-4ED9-992F-B7206592126E}.Debug|Any CPU.Build.0 = Debug|Any CPU
		{823D03EB-68CA-4ED9-992F-B7206592126E}.Release|Any CPU.ActiveCfg = Release|Any CPU
		{823D03EB-68CA-4ED9-992F-B7206592126E}.Release|Any CPU.Build.0 = Release|Any CPU
	EndGlobalSection
	GlobalSection(SolutionProperties) = preSolution
		HideSolutionNode = FALSE
	EndGlobalSection
EndGlobal
